
Microsoft Visual Studio Solution File, Format Version 12.00
# Visual Studio Version 17
VisualStudioVersion = 17.9.34728.123
MinimumVisualStudioVersion = 10.0.40219.1
Project("{9A19103F-16F7-4668-BE54-9A1E7A4F7556}") = "Test", "Test\Test.csproj", "{B119D657-E2B6-4DA3-A210-8C551D99A93C}"
EndProject
Global
	GlobalSection(SolutionConfigurationPlatforms) = preSolution
		Debug|Any CPU = Debug|Any CPU
		Release|Any CPU = Release|Any CPU
	EndGlobalSection
	GlobalSection(ProjectConfigurationPlatforms) = postSolution
		{B119D657-E2B6-4DA3-A210-8C551D99A93C}.Debug|Any CPU.ActiveCfg = Debug|Any CPU
		{B119D657-E2B6-4DA3-A210-8C551D99A93C}.Debug|Any CPU.Build.0 = Debug|Any CPU
		{B119D657-E2B6-4DA3-A210-8C551D99A93C}.Release|Any CPU.ActiveCfg = Release|Any CPU
		{B119D657-E2B6-4DA3-A210-8C551D99A93C}.Release|Any CPU.Build.0 = Release|Any CPU
	EndGlobalSection
	GlobalSection(SolutionProperties) = preSolution
		HideSolutionNode = FALSE
	EndGlobalSection
	GlobalSection(ExtensibilityGlobals) = postSolution
		SolutionGuid = {DFB844D5-8C74-4693-A664-58B1FB3BF0F3}
	EndGlobalSection
EndGlobal
